// !$*UTF8*$!
{
	archiveVersion = 1;
	classes = {
	};
	objectVersion = 50;
	objects = {

/* Begin PBXBuildFile section */
		C219794C2363857F0095E204 /* AppDelegate.swift in Sources */ = {isa = PBXBuildFile; fileRef = C219794B2363857F0095E204 /* AppDelegate.swift */; };
		C21979502363857F0095E204 /* ViewController.swift in Sources */ = {isa = PBXBuildFile; fileRef = C219794F2363857F0095E204 /* ViewController.swift */; };
		C2197955236385830095E204 /* Assets.xcassets in Resources */ = {isa = PBXBuildFile; fileRef = C2197954236385830095E204 /* Assets.xcassets */; };
		C2197958236385830095E204 /* LaunchScreen.storyboard in Resources */ = {isa = PBXBuildFile; fileRef = C2197956236385830095E204 /* LaunchScreen.storyboard */; };
		C2197962236388F90095E204 /* PlanetScrollView.swift in Sources */ = {isa = PBXBuildFile; fileRef = C2197961236388F90095E204 /* PlanetScrollView.swift */; };
		C219796923638B960095E204 /* CGFloat+random.swift in Sources */ = {isa = PBXBuildFile; fileRef = C219796823638B960095E204 /* CGFloat+random.swift */; };
		C219796B23638BAA0095E204 /* UIColor+random.swift in Sources */ = {isa = PBXBuildFile; fileRef = C219796A23638BAA0095E204 /* UIColor+random.swift */; };
		C2197971236398D60095E204 /* FontName.swift in Sources */ = {isa = PBXBuildFile; fileRef = C2197970236398D60095E204 /* FontName.swift */; };
		C2BE090A2366114C00482D54 /* DetailViewController.swift in Sources */ = {isa = PBXBuildFile; fileRef = C2BE09092366114B00482D54 /* DetailViewController.swift */; };
		C2C0049C2366F91B007AD329 /* PopTransition.swift in Sources */ = {isa = PBXBuildFile; fileRef = C2C0049B2366F91B007AD329 /* PopTransition.swift */; };
		C2C0049E2366FE6F007AD329 /* Planet.swift in Sources */ = {isa = PBXBuildFile; fileRef = C2C0049D2366FE6F007AD329 /* Planet.swift */; };
/* End PBXBuildFile section */

/* Begin PBXFileReference section */
		C21979482363857F0095E204 /* Transition-Sample.app */ = {isa = PBXFileReference; explicitFileType = wrapper.application; includeInIndex = 0; path = "Transition-Sample.app"; sourceTree = BUILT_PRODUCTS_DIR; };
		C219794B2363857F0095E204 /* AppDelegate.swift */ = {isa = PBXFileReference; lastKnownFileType = sourcecode.swift; path = AppDelegate.swift; sourceTree = "<group>"; };
		C219794F2363857F0095E204 /* ViewController.swift */ = {isa = PBXFileReference; lastKnownFileType = sourcecode.swift; path = ViewController.swift; sourceTree = "<group>"; };
		C2197954236385830095E204 /* Assets.xcassets */ = {isa = PBXFileReference; lastKnownFileType = folder.assetcatalog; path = Assets.xcassets; sourceTree = "<group>"; };
		C2197957236385830095E204 /* Base */ = {isa = PBXFileReference; lastKnownFileType = file.storyboard; name = Base; path = Base.lproj/LaunchScreen.storyboard; sourceTree = "<group>"; };
		C2197959236385830095E204 /* Info.plist */ = {isa = PBXFileReference; lastKnownFileType = text.plist.xml; path = Info.plist; sourceTree = "<group>"; };
		C2197961236388F90095E204 /* PlanetScrollView.swift */ = {isa = PBXFileReference; lastKnownFileType = sourcecode.swift; path = PlanetScrollView.swift; sourceTree = "<group>"; };
		C219796823638B960095E204 /* CGFloat+random.swift */ = {isa = PBXFileReference; lastKnownFileType = sourcecode.swift; path = "CGFloat+random.swift"; sourceTree = "<group>"; };
		C219796A23638BAA0095E204 /* UIColor+random.swift */ = {isa = PBXFileReference; lastKnownFileType = sourcecode.swift; path = "UIColor+random.swift"; sourceTree = "<group>"; };
		C2197970236398D60095E204 /* FontName.swift */ = {isa = PBXFileReference; lastKnownFileType = sourcecode.swift; path = FontName.swift; sourceTree = "<group>"; };
		C2BE09092366114B00482D54 /* DetailViewController.swift */ = {isa = PBXFileReference; lastKnownFileType = sourcecode.swift; path = DetailViewController.swift; sourceTree = "<group>"; };
		C2C0049B2366F91B007AD329 /* PopTransition.swift */ = {isa = PBXFileReference; lastKnownFileType = sourcecode.swift; path = PopTransition.swift; sourceTree = "<group>"; };
		C2C0049D2366FE6F007AD329 /* Planet.swift */ = {isa = PBXFileReference; lastKnownFileType = sourcecode.swift; path = Planet.swift; sourceTree = "<group>"; };
/* End PBXFileReference section */

/* Begin PBXFrameworksBuildPhase section */
		C21979452363857F0095E204 /* Frameworks */ = {
			isa = PBXFrameworksBuildPhase;
			buildActionMask = 2147483647;
			files = (
			);
			runOnlyForDeploymentPostprocessing = 0;
		};
/* End PBXFrameworksBuildPhase section */

/* Begin PBXGroup section */
		C219793F2363857F0095E204 = {
			isa = PBXGroup;
			children = (
				C219794A2363857F0095E204 /* Transition-Sample */,
				C21979492363857F0095E204 /* Products */,
			);
			sourceTree = "<group>";
		};
		C21979492363857F0095E204 /* Products */ = {
			isa = PBXGroup;
			children = (
				C21979482363857F0095E204 /* Transition-Sample.app */,
			);
			name = Products;
			sourceTree = "<group>";
		};
		C219794A2363857F0095E204 /* Transition-Sample */ = {
			isa = PBXGroup;
			children = (
				C2C0049D2366FE6F007AD329 /* Planet.swift */,
				C2197961236388F90095E204 /* PlanetScrollView.swift */,
				C219794F2363857F0095E204 /* ViewController.swift */,
				C2BE09092366114B00482D54 /* DetailViewController.swift */,
				C2C0049B2366F91B007AD329 /* PopTransition.swift */,
				C2197959236385830095E204 /* Info.plist */,
				C24064312367B1A600F8A724 /* Enum */,
				C219796723638B7F0095E204 /* Extension */,
				C219796423638B570095E204 /* App */,
			);
			path = "Transition-Sample";
			sourceTree = "<group>";
		};
		C219796423638B570095E204 /* App */ = {
			isa = PBXGroup;
			children = (
				C219794B2363857F0095E204 /* AppDelegate.swift */,
				C2197956236385830095E204 /* LaunchScreen.storyboard */,
				C2197954236385830095E204 /* Assets.xcassets */,
			);
			path = App;
			sourceTree = "<group>";
		};
		C219796723638B7F0095E204 /* Extension */ = {
			isa = PBXGroup;
			children = (
				C219796823638B960095E204 /* CGFloat+random.swift */,
				C219796A23638BAA0095E204 /* UIColor+random.swift */,
			);
			path = Extension;
			sourceTree = "<group>";
		};
		C24064312367B1A600F8A724 /* Enum */ = {
			isa = PBXGroup;
			children = (
				C2197970236398D60095E204 /* FontName.swift */,
			);
			path = Enum;
			sourceTree = "<group>";
		};
/* End PBXGroup section */

/* Begin PBXNativeTarget section */
		C21979472363857F0095E204 /* Transition-Sample */ = {
			isa = PBXNativeTarget;
			buildConfigurationList = C219795C236385830095E204 /* Build configuration list for PBXNativeTarget "Transition-Sample" */;
			buildPhases = (
				C21979442363857F0095E204 /* Sources */,
				C21979452363857F0095E204 /* Frameworks */,
				C21979462363857F0095E204 /* Resources */,
			);
			buildRules = (
			);
			dependencies = (
			);
			name = "Transition-Sample";
			productName = "Transition-Sample";
			productReference = C21979482363857F0095E204 /* Transition-Sample.app */;
			productType = "com.apple.product-type.application";
		};
/* End PBXNativeTarget section */

/* Begin PBXProject section */
		C21979402363857F0095E204 /* Project object */ = {
			isa = PBXProject;
			attributes = {
				LastSwiftUpdateCheck = 1110;
				LastUpgradeCheck = 1110;
				ORGANIZATIONNAME = "Yasin Akbaş";
				TargetAttributes = {
					C21979472363857F0095E204 = {
						CreatedOnToolsVersion = 11.1;
					};
				};
			};
			buildConfigurationList = C21979432363857F0095E204 /* Build configuration list for PBXProject "Transition-Sample" */;
			compatibilityVersion = "Xcode 9.3";
			developmentRegion = en;
			hasScannedForEncodings = 0;
			knownRegions = (
				en,
				Base,
			);
			mainGroup = C219793F2363857F0095E204;
			productRefGroup = C21979492363857F0095E204 /* Products */;
			projectDirPath = "";
			projectRoot = "";
			targets = (
				C21979472363857F0095E204 /* Transition-Sample */,
			);
		};
/* End PBXProject section */

/* Begin PBXResourcesBuildPhase section */
		C21979462363857F0095E204 /* Resources */ = {
			isa = PBXResourcesBuildPhase;
			buildActionMask = 2147483647;
			files = (
				C2197958236385830095E204 /* LaunchScreen.storyboard in Resources */,
				C2197955236385830095E204 /* Assets.xcassets in Resources */,
			);
			runOnlyForDeploymentPostprocessing = 0;
		};
/* End PBXResourcesBuildPhase section */

/* Begin PBXSourcesBuildPhase section */
		C21979442363857F0095E204 /* Sources */ = {
			isa = PBXSourcesBuildPhase;
			buildActionMask = 2147483647;
			files = (
				C2C0049C2366F91B007AD329 /* PopTransition.swift in Sources */,
				C2197971236398D60095E204 /* FontName.swift in Sources */,
				C2C0049E2366FE6F007AD329 /* Planet.swift in Sources */,
				C21979502363857F0095E204 /* ViewController.swift in Sources */,
				C2197962236388F90095E204 /* PlanetScrollView.swift in Sources */,
				C219794C2363857F0095E204 /* AppDelegate.swift in Sources */,
				C2BE090A2366114C00482D54 /* DetailViewController.swift in Sources */,
				C219796923638B960095E204 /* CGFloat+random.swift in Sources */,
				C219796B23638BAA0095E204 /* UIColor+random.swift in Sources */,
			);
			runOnlyForDeploymentPostprocessing = 0;
		};
/* End PBXSourcesBuildPhase section */

/* Begin PBXVariantGroup section */
		C2197956236385830095E204 /* LaunchScreen.storyboard */ = {
			isa = PBXVariantGroup;
			children = (
				C2197957236385830095E204 /* Base */,
			);
			name = LaunchScreen.storyboard;
			sourceTree = "<group>";
		};
/* End PBXVariantGroup section */

/* Begin XCBuildConfiguration section */
		C219795A236385830095E204 /* Debug */ = {
			isa = XCBuildConfiguration;
			buildSettings = {
				ALWAYS_SEARCH_USER_PATHS = NO;
				CLANG_ANALYZER_NONNULL = YES;
				CLANG_ANALYZER_NUMBER_OBJECT_CONVERSION = YES_AGGRESSIVE;
				CLANG_CXX_LANGUAGE_STANDARD = "gnu++14";
				CLANG_CXX_LIBRARY = "libc++";
				CLANG_ENABLE_MODULES = YES;
				CLANG_ENABLE_OBJC_ARC = YES;
				CLANG_ENABLE_OBJC_WEAK = YES;
				CLANG_WARN_BLOCK_CAPTURE_AUTORELEASING = YES;
				CLANG_WARN_BOOL_CONVERSION = YES;
				CLANG_WARN_COMMA = YES;
				CLANG_WARN_CONSTANT_CONVERSION = YES;
				CLANG_WARN_DEPRECATED_OBJC_IMPLEMENTATIONS = YES;
				CLANG_WARN_DIRECT_OBJC_ISA_USAGE = YES_ERROR;
				CLANG_WARN_DOCUMENTATION_COMMENTS = YES;
				CLANG_WARN_EMPTY_BODY = YES;
				CLANG_WARN_ENUM_CONVERSION = YES;
				CLANG_WARN_INFINITE_RECURSION = YES;
				CLANG_WARN_INT_CONVERSION = YES;
				CLANG_WARN_NON_LITERAL_NULL_CONVERSION = YES;
				CLANG_WARN_OBJC_IMPLICIT_RETAIN_SELF = YES;
				CLANG_WARN_OBJC_LITERAL_CONVERSION = YES;
				CLANG_WARN_OBJC_ROOT_CLASS = YES_ERROR;
				CLANG_WARN_RANGE_LOOP_ANALYSIS = YES;
				CLANG_WARN_STRICT_PROTOTYPES = YES;
				CLANG_WARN_SUSPICIOUS_MOVE = YES;
				CLANG_WARN_UNGUARDED_AVAILABILITY = YES_AGGRESSIVE;
				CLANG_WARN_UNREACHABLE_CODE = YES;
				CLANG_WARN__DUPLICATE_METHOD_MATCH = YES;
				COPY_PHASE_STRIP = NO;
				DEBUG_INFORMATION_FORMAT = dwarf;
				ENABLE_STRICT_OBJC_MSGSEND = YES;
				ENABLE_TESTABILITY = YES;
				GCC_C_LANGUAGE_STANDARD = gnu11;
				GCC_DYNAMIC_NO_PIC = NO;
				GCC_NO_COMMON_BLOCKS = YES;
				GCC_OPTIMIZATION_LEVEL = 0;
				GCC_PREPROCESSOR_DEFINITIONS = (
					"DEBUG=1",
					"$(inherited)",
				);
				GCC_WARN_64_TO_32_BIT_CONVERSION = YES;
				GCC_WARN_ABOUT_RETURN_TYPE = YES_ERROR;
				GCC_WARN_UNDECLARED_SELECTOR = YES;
				GCC_WARN_UNINITIALIZED_AUTOS = YES_AGGRESSIVE;
				GCC_WARN_UNUSED_FUNCTION = YES;
				GCC_WARN_UNUSED_VARIABLE = YES;
				IPHONEOS_DEPLOYMENT_TARGET = 13.1;
				MTL_ENABLE_DEBUG_INFO = INCLUDE_SOURCE;
				MTL_FAST_MATH = YES;
				ONLY_ACTIVE_ARCH = YES;
				SDKROOT = iphoneos;
				SWIFT_ACTIVE_COMPILATION_CONDITIONS = DEBUG;
				SWIFT_OPTIMIZATION_LEVEL = "-Onone";
			};
			name = Debug;
		};
		C219795B236385830095E204 /* Release */ = {
			isa = XCBuildConfiguration;
			buildSettings = {
				ALWAYS_SEARCH_USER_PATHS = NO;
				CLANG_ANALYZER_NONNULL = YES;
				CLANG_ANALYZER_NUMBER_OBJECT_CONVERSION = YES_AGGRESSIVE;
				CLANG_CXX_LANGUAGE_STANDARD = "gnu++14";
				CLANG_CXX_LIBRARY = "libc++";
				CLANG_ENABLE_MODULES = YES;
				CLANG_ENABLE_OBJC_ARC = YES;
				CLANG_ENABLE_OBJC_WEAK = YES;
				CLANG_WARN_BLOCK_CAPTURE_AUTORELEASING = YES;
				CLANG_WARN_BOOL_CONVERSION = YES;
				CLANG_WARN_COMMA = YES;
				CLANG_WARN_CONSTANT_CONVERSION = YES;
				CLANG_WARN_DEPRECATED_OBJC_IMPLEMENTATIONS = YES;
				CLANG_WARN_DIRECT_OBJC_ISA_USAGE = YES_ERROR;
				CLANG_WARN_DOCUMENTATION_COMMENTS = YES;
				CLANG_WARN_EMPTY_BODY = YES;
				CLANG_WARN_ENUM_CONVERSION = YES;
				CLANG_WARN_INFINITE_RECURSION = YES;
				CLANG_WARN_INT_CONVERSION = YES;
				CLANG_WARN_NON_LITERAL_NULL_CONVERSION = YES;
				CLANG_WARN_OBJC_IMPLICIT_RETAIN_SELF = YES;
				CLANG_WARN_OBJC_LITERAL_CONVERSION = YES;
				CLANG_WARN_OBJC_ROOT_CLASS = YES_ERROR;
				CLANG_WARN_RANGE_LOOP_ANALYSIS = YES;
				CLANG_WARN_STRICT_PROTOTYPES = YES;
				CLANG_WARN_SUSPICIOUS_MOVE = YES;
				CLANG_WARN_UNGUARDED_AVAILABILITY = YES_AGGRESSIVE;
				CLANG_WARN_UNREACHABLE_CODE = YES;
				CLANG_WARN__DUPLICATE_METHOD_MATCH = YES;
				COPY_PHASE_STRIP = NO;
				DEBUG_INFORMATION_FORMAT = "dwarf-with-dsym";
				ENABLE_NS_ASSERTIONS = NO;
				ENABLE_STRICT_OBJC_MSGSEND = YES;
				GCC_C_LANGUAGE_STANDARD = gnu11;
				GCC_NO_COMMON_BLOCKS = YES;
				GCC_WARN_64_TO_32_BIT_CONVERSION = YES;
				GCC_WARN_ABOUT_RETURN_TYPE = YES_ERROR;
				GCC_WARN_UNDECLARED_SELECTOR = YES;
				GCC_WARN_UNINITIALIZED_AUTOS = YES_AGGRESSIVE;
				GCC_WARN_UNUSED_FUNCTION = YES;
				GCC_WARN_UNUSED_VARIABLE = YES;
				IPHONEOS_DEPLOYMENT_TARGET = 13.1;
				MTL_ENABLE_DEBUG_INFO = NO;
				MTL_FAST_MATH = YES;
				SDKROOT = iphoneos;
				SWIFT_COMPILATION_MODE = wholemodule;
				SWIFT_OPTIMIZATION_LEVEL = "-O";
				VALIDATE_PRODUCT = YES;
			};
			name = Release;
		};
		C219795D236385830095E204 /* Debug */ = {
			isa = XCBuildConfiguration;
			buildSettings = {
				ASSETCATALOG_COMPILER_APPICON_NAME = AppIcon;
				CODE_SIGN_STYLE = Automatic;
				DEVELOPMENT_TEAM = 432CKYPT28;
				INFOPLIST_FILE = "Transition-Sample/Info.plist";
				IPHONEOS_DEPLOYMENT_TARGET = 10.0;
				LD_RUNPATH_SEARCH_PATHS = (
					"$(inherited)",
					"@executable_path/Frameworks",
				);
				PRODUCT_BUNDLE_IDENTIFIER = "com.yasinkbas.Transition-Sample";
				PRODUCT_NAME = "$(TARGET_NAME)";
				SWIFT_VERSION = 5.0;
				TARGETED_DEVICE_FAMILY = "1,2";
			};
			name = Debug;
		};
		C219795E236385830095E204 /* Release */ = {
			isa = XCBuildConfiguration;
			buildSettings = {
				ASSETCATALOG_COMPILER_APPICON_NAME = AppIcon;
				CODE_SIGN_STYLE = Automatic;
				DEVELOPMENT_TEAM = 432CKYPT28;
				INFOPLIST_FILE = "Transition-Sample/Info.plist";
				IPHONEOS_DEPLOYMENT_TARGET = 10.0;
				LD_RUNPATH_SEARCH_PATHS = (
					"$(inherited)",
					"@executable_path/Frameworks",
				);
				PRODUCT_BUNDLE_IDENTIFIER = "com.yasinkbas.Transition-Sample";
				PRODUCT_NAME = "$(TARGET_NAME)";
				SWIFT_VERSION = 5.0;
				TARGETED_DEVICE_FAMILY = "1,2";
			};
			name = Release;
		};
/* End XCBuildConfiguration section */

/* Begin XCConfigurationList section */
		C21979432363857F0095E204 /* Build configuration list for PBXProject "Transition-Sample" */ = {
			isa = XCConfigurationList;
			buildConfigurations = (
				C219795A236385830095E204 /* Debug */,
				C219795B236385830095E204 /* Release */,
			);
			defaultConfigurationIsVisible = 0;
			defaultConfigurationName = Release;
		};
		C219795C236385830095E204 /* Build configuration list for PBXNativeTarget "Transition-Sample" */ = {
			isa = XCConfigurationList;
			buildConfigurations = (
				C219795D236385830095E204 /* Debug */,
				C219795E236385830095E204 /* Release */,
			);
			defaultConfigurationIsVisible = 0;
			defaultConfigurationName = Release;
		};
/* End XCConfigurationList section */
	};
	rootObject = C21979402363857F0095E204 /* Project object */;
}
